
Microsoft Visual Studio Solution File, Format Version 12.00
# Visual Studio Version 17
VisualStudioVersion = 17.12.35521.163 d17.12
MinimumVisualStudioVersion = 10.0.40219.1
Project("{FAE04EC0-301F-11D3-BF4B-00C04F79EFBC}") = "BoosterBot", "BoosterBot/BoosterBot.csproj", "{AEF667FF-D710-45FF-8A1B-A771C8D962CF}"
EndProject
Global
	GlobalSection(SolutionConfigurationPlatforms) = preSolution
		Debug|Any CPU = Debug|Any CPU
		Release|Any CPU = Release|Any CPU
	EndGlobalSection
	GlobalSection(ProjectConfigurationPlatforms) = postSolution
		{AEF667FF-D710-45FF-8A1B-A771C8D962CF}.Debug|Any CPU.ActiveCfg = Debug|Any CPU
		{AEF667FF-D710-45FF-8A1B-A771C8D962CF}.Debug|Any CPU.Build.0 = Debug|Any CPU
		{AEF667FF-D710-45FF-8A1B-A771C8D962CF}.Release|Any CPU.ActiveCfg = Release|Any CPU
		{AEF667FF-D710-45FF-8A1B-A771C8D962CF}.Release|Any CPU.Build.0 = Release|Any CPU
	EndGlobalSection
	GlobalSection(SolutionProperties) = preSolution
		HideSolutionNode = FALSE
	EndGlobalSection
EndGlobal
